
Microsoft Visual Studio Solution File, Format Version 12.00
# Visual Studio 15
VisualStudioVersion = 15.0.28307.1684
MinimumVisualStudioVersion = 10.0.40219.1
Project("{FAE04EC0-301F-11D3-BF4B-00C04F79EFBC}") = "CSF2Homework", "..\CSF2Homework\CSF2Homework.csproj", "{5DA90DB4-F319-43EF-879E-867DA90BA2F1}"
EndProject
Project("{FAE04EC0-301F-11D3-BF4B-00C04F79EFBC}") = "ClassesLibrary", "ClassesLibrary\ClassesLibrary.csproj", "{9F7633D4-6ED4-41A2-80EE-36ABED783D10}"
EndProject
Global
	GlobalSection(SolutionConfigurationPlatforms) = preSolution
		Debug|Any CPU = Debug|Any CPU
		Release|Any CPU = Release|Any CPU
	EndGlobalSection
	GlobalSection(ProjectConfigurationPlatforms) = postSolution
		{5DA90DB4-F319-43EF-879E-867DA90BA2F1}.Debug|Any CPU.ActiveCfg = Debug|Any CPU
		{5DA90DB4-F319-43EF-879E-867DA90BA2F1}.Debug|Any CPU.Build.0 = Debug|Any CPU
		{5DA90DB4-F319-43EF-879E-867DA90BA2F1}.Release|Any CPU.ActiveCfg = Release|Any CPU
		{5DA90DB4-F319-43EF-879E-867DA90BA2F1}.Release|Any CPU.Build.0 = Release|Any CPU
		{9F7633D4-6ED4-41A2-80EE-36ABED783D10}.Debug|Any CPU.ActiveCfg = Debug|Any CPU
		{9F7633D4-6ED4-41A2-80EE-36ABED783D10}.Debug|Any CPU.Build.0 = Debug|Any CPU
		{9F7633D4-6ED4-41A2-80EE-36ABED783D10}.Release|Any CPU.ActiveCfg = Release|Any CPU
		{9F7633D4-6ED4-41A2-80EE-36ABED783D10}.Release|Any CPU.Build.0 = Release|Any CPU
	EndGlobalSection
	GlobalSection(SolutionProperties) = preSolution
		HideSolutionNode = FALSE
	EndGlobalSection
	GlobalSection(ExtensibilityGlobals) = postSolution
		SolutionGuid = {B5EA627A-BC79-42AD-ACCF-4254E988B262}
	EndGlobalSection
EndGlobal
